
Microsoft Visual Studio Solution File, Format Version 12.00
# Visual Studio 15
VisualStudioVersion = 15.0.28307.1321
MinimumVisualStudioVersion = 10.0.40219.1
Project("{FAE04EC0-301F-11D3-BF4B-00C04F79EFBC}") = "Flags", "Flags\Flags.csproj", "{894E92FE-B07E-4DBF-AFCB-BAA3C7D52F8E}"
EndProject
Global
	GlobalSection(SolutionConfigurationPlatforms) = preSolution
		Debug|Any CPU = Debug|Any CPU
		Release|Any CPU = Release|Any CPU
	EndGlobalSection
	GlobalSection(ProjectConfigurationPlatforms) = postSolution
		{894E92FE-B07E-4DBF-AFCB-BAA3C7D52F8E}.Debug|Any CPU.ActiveCfg = Debug|Any CPU
		{894E92FE-B07E-4DBF-AFCB-BAA3C7D52F8E}.Debug|Any CPU.Build.0 = Debug|Any CPU
		{894E92FE-B07E-4DBF-AFCB-BAA3C7D52F8E}.Release|Any CPU.ActiveCfg = Release|Any CPU
		{894E92FE-B07E-4DBF-AFCB-BAA3C7D52F8E}.Release|Any CPU.Build.0 = Release|Any CPU
	EndGlobalSection
	GlobalSection(SolutionProperties) = preSolution
		HideSolutionNode = FALSE
	EndGlobalSection
	GlobalSection(ExtensibilityGlobals) = postSolution
		SolutionGuid = {D1FE20C2-1F46-4E24-86E4-A21AE65C8CD3}
	EndGlobalSection
EndGlobal
